{
    "_meta": {
        "hash": {
            "sha256": "c248afff9abd68fb204f6717711c97119612af14bcd66123ced2f11a415533f9"
        },
        "pipfile-spec": 6,
        "requires": {},
        "sources": [
            {
                "name": "pypi",
                "url": "https://pypi.python.org/simple",
                "verify_ssl": true
            }
        ]
    },
    "default": {
        "beautifulsoup4": {
            "hashes": [
                "sha256:11a9a27b7d3bddc6d86f59fb76afb70e921a25ac2d6cc55b40d072bd68435a76",
                "sha256:7015e76bf32f1f574636c4288399a6de66ce08fb7b2457f628a8d70c0fbabb11",
                "sha256:808b6ac932dccb0a4126558f7dfdcf41710dd44a4ef497a0bb59a77f9f078e89"
            ],
            "index": "pypi",
            "version": "==4.6.0"
        },
        "certifi": {
            "hashes": [
                "sha256:13e698f54293db9f89122b0581843a782ad0934a4fe0172d2a980ba77fc61bb7",
                "sha256:9fa520c1bacfb634fa7af20a76bcbd3d5fb390481724c597da32c719a7dca4b0"
            ],
            "version": "==2018.4.16"
        },
        "chardet": {
            "hashes": [
                "sha256:84ab92ed1c4d4f16916e05906b6b75a6c0fb5db821cc65e70cbd64a3e2a5eaae",
                "sha256:fc323ffcaeaed0e0a02bf4d117757b98aed530d9ed4531e3e15460124c106691"
            ],
            "version": "==3.0.4"
        },
        "cycler": {
            "hashes": [
                "sha256:1d8a5ae1ff6c5cf9b93e8811e581232ad8920aeec647c37316ceac982b08cb2d",
                "sha256:cd7b2d1018258d7247a71425e9f26463dfb444d411c39569972f4ce586b0c9d8"
            ],
            "version": "==0.10.0"
        },
        "cython": {
            "hashes": [
                "sha256:03db8c1b8120039f72493b95494a595be13b01b6860cfc93e2a651a001847b3b",
                "sha256:0d2ccb812d73e67557fd16e7aa7bc5bac18933c1dfe306133cd0680ccab89f33",
                "sha256:24f8ea864de733f5a447896cbeec2cac212247e33272539670b9f466f43f23db",
                "sha256:30a8fd029eb932a7b5a74e158316d1d069ccb67a8607aa7b6c4ed19fab7fbd4a",
                "sha256:37e680901e6a4b97ab67717f9b43fc58542cd10a77431efd2d8801d21d5a37d4",
                "sha256:4984e097bc9da37862d97c1f66dacf2c80fadaea488d96ba0b5ea9d84dbc7521",
                "sha256:4cfda677227af41e4502e088ee9875e71922238a207d0c40785a0fb09c703c21",
                "sha256:4ec60a4086a175a81b9258f810440a6dd2671aa4b419d8248546d85a7de6a93f",
                "sha256:51c7d48ea4cba532d11a6d128ebbc15373013f816e5d1c3a3946650b582a30b8",
                "sha256:634e2f10fc8d026c633cffacb45cd8f4582149fa68e1428124e762dbc566e68a",
                "sha256:67e0359709c8addc3ecb19e1dec6d84d67647e3906da618b953001f6d4480275",
                "sha256:6a93d4ba0461edc7a359241f4ebbaa8f9bc9490b3540a8dd0460bef8c2c706db",
                "sha256:6ba89d56c3ee45716378cda4f0490c3abe1edf79dce8b997f31608b14748a52b",
                "sha256:6ca5436d470584ba6fd399a802c9d0bcf76cf1edb0123725a4de2f0048f9fa07",
                "sha256:7656895cdd59d56dd4ed326d1ee9ede727020d4a5d8778a05af2d8e25af4b13d",
                "sha256:85f7432776870d65639fed00f951a3c05ef1e534bc72a73cd1200d79b9a7d7d0",
                "sha256:96dd674e72281d3feed74fd5adcf0514ba02884f123cdf4fb78567e7be6b1694",
                "sha256:97bf06a89bcf9e8d7633cde89274d42b3b661dc974b58fca066fad762e46b4d8",
                "sha256:9a465e7296a4629139be5d2015577f2ae5e08196eb7dc4c407beea130f362dc3",
                "sha256:9a60355edca1cc9006be086e2633e190542aad2bf9e46948792a48b3ae28ed97",
                "sha256:9eab3696f2cb88167db109d737c787fb9dd34ca414bd1e0c424e307956e02c94",
                "sha256:c3ae7d40ebceb0d944dfeeceaf1fbf17e528f5327d97b008a8623ddddd1ecee3",
                "sha256:c623d19fcc60ea27882f20cf484218926ddf6f978b958dae1070600a1974f809",
                "sha256:c719a6e86d7c737afcc9729994f76b284d1c512099ee803eff11c2a9e6e33a42",
                "sha256:cf17af0433218a1e33dc6f3069dd9e7cd0c80fe505972c3acd548e25f67973fd",
                "sha256:daf96e0d232605e979995795f62ffd24c5c6ecea4526e4cbb86d80f01da954b2",
                "sha256:db40de7d03842d3c4625028a74189ade52b27f8efaeb0d2ca06474f57e0813b2",
                "sha256:deea1ef59445568dd7738fa3913aea7747e4927ff4ae3c10737844b8a5dd3e22",
                "sha256:e05d28b5ce1ee5939d83e50344980659688ecaed65c5e10214d817ecf5d1fe6a",
                "sha256:f5f6694ce668eb7a9b59550bfe4265258809c9b0665c206b26d697df2eef2a8b"
            ],
            "index": "pypi",
            "version": "==0.28.2"
        },
        "idna": {
            "hashes": [
                "sha256:2c6a5de3089009e3da7c5dde64a141dbc8551d5b7f6cf4ed7c2568d0cc520a8f",
                "sha256:8c7309c718f94b3a625cb648ace320157ad16ff131ae0af362c9f21b80ef6ec4"
            ],
            "version": "==2.6"
        },
        "kiwisolver": {
            "hashes": [
                "sha256:0ee4ed8b3ae8f5f712b0aa9ebd2858b5b232f1b9a96b0943dceb34df2a223bc3",
                "sha256:0f7f532f3c94e99545a29f4c3f05637f4d2713e7fd91b4dd8abfc18340b86cd5",
                "sha256:1a078f5dd7e99317098f0e0d490257fd0349d79363e8c923d5bb76428f318421",
                "sha256:1aa0b55a0eb1bd3fa82e704f44fb8f16e26702af1a073cc5030eea399e617b56",
                "sha256:2874060b91e131ceeff00574b7c2140749c9355817a4ed498e82a4ffa308ecbc",
                "sha256:379d97783ba8d2934d52221c833407f20ca287b36d949b4bba6c75274bcf6363",
                "sha256:3b791ddf2aefc56382aadc26ea5b352e86a2921e4e85c31c1f770f527eb06ce4",
                "sha256:4329008a167fac233e398e8a600d1b91539dc33c5a3eadee84c0d4b04d4494fa",
                "sha256:45813e0873bbb679334a161b28cb9606d9665e70561fd6caa8863e279b5e464b",
                "sha256:53a5b27e6b5717bdc0125338a822605084054c80f382051fb945d2c0e6899a20",
                "sha256:66f82819ff47fa67a11540da96966fb9245504b7f496034f534b81cacf333861",
                "sha256:79e5fe3ccd5144ae80777e12973027bd2f4f5e3ae8eb286cabe787bed9780138",
                "sha256:8b6a7b596ce1d2a6d93c3562f1178ebd3b7bb445b3b0dd33b09f9255e312a965",
                "sha256:9576cb63897fbfa69df60f994082c3f4b8e6adb49cccb60efb2a80a208e6f996",
                "sha256:95a25d9f3449046ecbe9065be8f8380c03c56081bc5d41fe0fb964aaa30b2195",
                "sha256:aaec1cfd94f4f3e9a25e144d5b0ed1eb8a9596ec36d7318a504d813412563a85",
                "sha256:acb673eecbae089ea3be3dcf75bfe45fc8d4dcdc951e27d8691887963cf421c7",
                "sha256:b15bc8d2c2848a4a7c04f76c9b3dc3561e95d4dabc6b4f24bfabe5fd81a0b14f",
                "sha256:b1c240d565e977d80c0083404c01e4d59c5772c977fae2c483f100567f50847b",
                "sha256:ce3be5d520b4d2c3e5eeb4cd2ef62b9b9ab8ac6b6fedbaa0e39cdb6f50644278",
                "sha256:e0f910f84b35c36a3513b96d816e6442ae138862257ae18a0019d2fc67b041dc",
                "sha256:ea36e19ac0a483eea239320aef0bd40702404ff8c7e42179a2d9d36c5afcb55c",
                "sha256:f923406e6b32c86309261b8195e24e18b6a8801df0cfc7814ac44017bfcb3939"
            ],
            "version": "==1.0.1"
        },
        "matplotlib": {
            "hashes": [
                "sha256:07055eb872fa109bd88f599bdb52065704b2e22d475b67675f345d75d32038a0",
                "sha256:0f2f253d6d51f5ed52a819921f8a0a8e054ce0daefcfbc2557e1c433f14dc77d",
                "sha256:1ef9fd285334bd6b0495b6de9d56a39dc95081577f27bafabcf28e0d318bed31",
                "sha256:3fb2db66ef98246bafc04b4ef4e9b0e73c6369f38a29716844e939d197df816a",
                "sha256:3fd90b407d1ab0dae686a4200030ce305526ff20b85a443dc490d194114b2dfa",
                "sha256:45dac8589ef1721d7f2ab0f48f986694494dfcc5d13a3e43a5cb6c816276094e",
                "sha256:4bb10087e09629ba3f9b25b6c734fd3f99542f93d71c5b9c023f28cb377b43a9",
                "sha256:4dc7ef528aad21f22be85e95725234c5178c0f938e2228ca76640e5e84d8cde8",
                "sha256:4f6a516d5ef39128bb16af7457e73dde25c30625c4916d8fbd1cc7c14c55e691",
                "sha256:70f0e407fbe9e97f16597223269c849597047421af5eb8b60dbaca0382037e78",
                "sha256:7b3d03c876684618e2a2be6abeb8d3a033c3a1bb38a786f751199753ef6227e6",
                "sha256:8944d311ce37bee1ba0e41a9b58dcf330ffe0cf29d7654c3d07c572215da68ac",
                "sha256:8ff08eaa25c66383fe3b6c7eb288da3c22dcedc4b110a0b592b35f68d0e093b2",
                "sha256:9d12378d6a236aa38326e27f3a29427b63edce4ce325745785aec1a7535b1f85",
                "sha256:abfd3d9390eb4f2d82cbcaa3a5c2834c581329b64eccb7a071ed9d5df27424f7",
                "sha256:bc4d7481f0e8ec94cb1afc4a59905d6274b3b4c389aba7a2539e071766671735",
                "sha256:dc0ba2080fd0cfdd07b3458ee4324d35806733feb2b080838d7094731d3f73d9",
                "sha256:f26fba7fc68994ab2805d77e0695417f9377a00d36ba4248b5d0f1e5adb08d24"
            ],
            "index": "pypi",
            "version": "==2.2.2"
        },
        "numpy": {
            "hashes": [
                "sha256:0074d42e2cc333800bd09996223d40ec52e3b1ec0a5cab05dacc09b662c4c1ae",
                "sha256:034717bfef517858abc79324820a702dc6cd063effb9baab86533e8a78670689",
                "sha256:0db6301324d0568089663ef2701ad90ebac0e975742c97460e89366692bd0563",
                "sha256:1864d005b2eb7598063e35c320787d87730d864f40d6410f768fe4ea20672016",
                "sha256:46ce8323ca9384814c7645298b8b627b7d04ce97d6948ef02da357b2389d6972",
                "sha256:510863d606c932b41d2209e4de6157ab3fdf52001d3e4ad351103176d33c4b8b",
                "sha256:560e23a12e7599be8e8b67621396c5bc687fd54b48b890adbc71bc5a67333f86",
                "sha256:57dc6c22d59054542600fce6fae2d1189b9c50bafc1aab32e55f7efcc84a6c46",
                "sha256:760550fdf9d8ec7da9c4402a4afe6e25c0f184ae132011676298a6b636660b45",
                "sha256:8670067685051b49d1f2f66e396488064299fefca199c7c80b6ba0c639fedc98",
                "sha256:9016692c7d390f9d378fc88b7a799dc9caa7eb938163dda5276d3f3d6f75debf",
                "sha256:98ff275f1b5907490d26b30b6ff111ecf2de0254f0ab08833d8fe61aa2068a00",
                "sha256:9ccf4d5c9139b1e985db915039baa0610a7e4a45090580065f8d8cb801b7422f",
                "sha256:a8dbab311d4259de5eeaa5b4e83f5f8545e4808f9144e84c0f424a6ee55a7b98",
                "sha256:aaef1bea636b6e552bbc5dae0ada87d4f6046359daaa97a05a013b0169620f27",
                "sha256:b8987e30d9a0eb6635df9705a75cf8c4a2835590244baecf210163343bc65176",
                "sha256:c3fe23df6fe0898e788581753da453f877350058c5982e85a8972feeecb15309",
                "sha256:c5eb7254cfc4bd7a4330ad7e1f65b98343836865338c57b0e25c661e41d5cfd9",
                "sha256:c80fcf9b38c7f4df666150069b04abbd2fe42ae640703a6e1f128cda83b552b7",
                "sha256:e33baf50f2f6b7153ddb973601a11df852697fba4c08b34a5e0f39f66f8120e1",
                "sha256:e8578a62a8eaf552b95d62f630bb5dd071243ba1302bbff3e55ac48588508736",
                "sha256:f22b3206f1c561dd9110b93d144c6aaa4a9a354e3b07ad36030df3ea92c5bb5b",
                "sha256:f39afab5769b3aaa786634b94b4a23ef3c150bdda044e8a32a3fc16ddafe803b"
            ],
            "version": "==1.14.3"
        },
        "pandas": {
            "hashes": [
                "sha256:02541a4fdd31315f213a5c8e18708abad719ee03eda05f603c4fe973e9b9d770",
                "sha256:052a66f58783a59ea38fdfee25de083b107baa81fdbe38fabd169d0f9efce2bf",
                "sha256:06efae5c00b9f4c6e6d3fe1eb52e590ff0ea8e5cb58032c724e04d31c540de53",
                "sha256:12f2a19d0b0adf31170d98d0e8bcbc59add0965a9b0c65d39e0665400491c0c5",
                "sha256:244ae0b9e998cfa88452a49b20e29bf582cc7c0e69093876d505aec4f8e1c7fe",
                "sha256:2907f3fe91ca2119ac3c38de6891bbbc83333bfe0d98309768fee28de563ee7a",
                "sha256:44a94091dd71f05922eec661638ec1a35f26d573c119aa2fad964f10a2880e6c",
                "sha256:587a9816cc663c958fcff7907c553b73fe196604f990bc98e1b71ebf07e45b44",
                "sha256:66403162c8b45325a995493bdd78ad4d8be085e527d721dbfa773d56fbba9c88",
                "sha256:68ac484e857dcbbd07ea7c6f516cc67f7f143f5313d9bc661470e7f473528882",
                "sha256:68b121d13177f5128a4c118bb4f73ba40df28292c038389961aa55ea5a996427",
                "sha256:97c8223d42d43d86ca359a57b4702ca0529c6553e83d736e93a5699951f0f8db",
                "sha256:af0dbac881f6f87acd325415adea0ce8cccf28f5d4ad7a54b6a1e176e2f7bf70",
                "sha256:c2cd884794924687edbaad40d18ac984054d247bb877890932c4d41e3c3aba31",
                "sha256:c372db80a5bcb143c9cb254d50f902772c3b093a4f965275197ec2d2184b1e61"
            ],
            "index": "pypi",
            "version": "==0.22.0"
        },
        "pillow": {
            "hashes": [
                "sha256:00633bc2ec40313f4daf351855e506d296ec3c553f21b66720d0f1225ca84c6f",
                "sha256:03514478db61b034fc5d38b9bf060f994e5916776e93f02e59732a8270069c61",
                "sha256:040144ba422216aecf7577484865ade90e1a475f867301c48bf9fbd7579efd76",
                "sha256:16246261ff22368e5e32ad74d5ef40403ab6895171a7fc6d34f6c17cfc0f1943",
                "sha256:1cb38df69362af35c14d4a50123b63c7ff18ec9a6d4d5da629a6f19d05e16ba8",
                "sha256:2400e122f7b21d9801798207e424cbe1f716cee7314cd0c8963fdb6fc564b5fb",
                "sha256:2ee6364b270b56a49e8b8a51488e847ab130adc1220c171bed6818c0d4742455",
                "sha256:3b4560c3891b05022c464b09121bd507c477505a4e19d703e1027a3a7c68d896",
                "sha256:41374a6afb3f44794410dab54a0d7175e6209a5a02d407119c81083f1a4c1841",
                "sha256:438a3faf5f702c8d0f80b9f9f9b8382cfa048ca6a0d64ef71b86b563b0ee0359",
                "sha256:472a124c640bde4d5468f6991c9fa7e30b723d84ac4195a77c6ab6aea30f2b9c",
                "sha256:4d32c8e3623a61d6e29ccd024066cd1ba556555abfb4cd714155020e00107e3f",
                "sha256:4d8077fd649ac40a5c4165f2c22fa2a4ad18c668e271ecb2f9d849d1017a9313",
                "sha256:62ec7ae98357fcd46002c110bb7cad15fce532776f0cbe7ca1d44c49b837d49d",
                "sha256:6c7cab6a05351cf61e469937c49dbf3cdf5ffb3eeac71f8d22dc9be3507598d8",
                "sha256:6eca36905444c4b91fe61f1b9933a47a30480738a1dd26501ff67d94fc2bc112",
                "sha256:74e2ebfd19c16c28ad43b8a28ff73b904ed382ea4875188838541751986e8c9a",
                "sha256:7673e7473a13107059377c96c563aa36f73184c29d2926882e0a0210b779a1e7",
                "sha256:81762cf5fca9a82b53b7b2d0e6b420e0f3b06167b97678c81d00470daa622d58",
                "sha256:8554bbeb4218d9cfb1917c69e6f2d2ad0be9b18a775d2162547edf992e1f5f1f",
                "sha256:9b66e968da9c4393f5795285528bc862c7b97b91251f31a08004a3c626d18114",
                "sha256:a00edb2dec0035e98ac3ec768086f0b06dfabb4ad308592ede364ef573692f55",
                "sha256:b48401752496757e95304a46213c3155bc911ac884bed2e9b275ce1c1df3e293",
                "sha256:b6cf18f9e653a8077522bb3aa753a776b117e3e0cc872c25811cfdf1459491c2",
                "sha256:bb8adab1877e9213385cbb1adc297ed8337e01872c42a30cfaa66ff8c422779c",
                "sha256:c8a4b39ba380b57a31a4b5449a9d257b1302d8bc4799767e645dcee25725efe1",
                "sha256:cee9bc75bff455d317b6947081df0824a8f118de2786dc3d74a3503fd631f4ef",
                "sha256:d0dc1313dff48af64517cbbd85e046d6b477fbe5e9d69712801f024dcb08c62b",
                "sha256:d5bf527ed83617edd1855a5c923eeeaf68bcb9ac0ceb28e3f19b575b3a424984",
                "sha256:df5863a21f91de5ecdf7d32a32f406dd9867ebb35d41033b8bd9607a21887599",
                "sha256:e39142332541ed2884c257495504858b22c078a5d781059b07aba4c3a80d7551",
                "sha256:e52e8f675ba0b2b417fa98579e7286a41a8e23871f17f4793772f5aa884fea79",
                "sha256:e6dd55d5d94b9e36929325dd0c9ab85bfde84a5fc35947c334c32af1af668944",
                "sha256:e87cc1acbebf263f308a8494272c2d42016aa33c32bf14d209c81e1f65e11868",
                "sha256:ea0091cd4100519cedfeea2c659f52291f535ac6725e2368bcf59e874f270efa",
                "sha256:eeb247f4f4d962942b3b555530b0c63b77473c7bfe475e51c6b75b7344b49ce3",
                "sha256:f0d4433adce6075efd24fc0285135248b0b50f5a58129c7e552030e04fe45c7f",
                "sha256:f1f3bd92f8e12dc22884935a73c9f94c4d9bd0d34410c456540713d6b7832b8c",
                "sha256:f42a87cbf50e905f49f053c0b1fb86c911c730624022bf44c8857244fc4cdaca",
                "sha256:f5f302db65e2e0ae96e26670818157640d3ca83a3054c290eff3631598dcf819",
                "sha256:f7634d534662bbb08976db801ba27a112aee23e597eeaf09267b4575341e45bf",
                "sha256:fdd374c02e8bb2d6468a85be50ea66e1c4ef9e809974c30d8576728473a6ed03",
                "sha256:fe6931db24716a0845bd8c8915bd096b77c2a7043e6fc59ae9ca364fe816f08b"
            ],
            "index": "pypi",
            "version": "==5.1.0"
        },
        "pyparsing": {
            "hashes": [
                "sha256:0832bcf47acd283788593e7a0f542407bd9550a55a8a8435214a1960e04bcb04",
                "sha256:281683241b25fe9b80ec9d66017485f6deff1af5cde372469134b56ca8447a07",
                "sha256:8f1e18d3fd36c6795bb7e02a39fd05c611ffc2596c1e0d995d34d67630426c18",
                "sha256:9e8143a3e15c13713506886badd96ca4b579a87fbdf49e550dbfc057d6cb218e",
                "sha256:b8b3117ed9bdf45e14dcc89345ce638ec7e0e29b2b579fa1ecf32ce45ebac8a5",
                "sha256:e4d45427c6e20a59bf4f88c639dcc03ce30d193112047f94012102f235853a58",
                "sha256:fee43f17a9c4087e7ed1605bd6df994c6173c1e977d7ade7b651292fab2bd010"
            ],
            "version": "==2.2.0"
        },
        "pyproj": {
            "hashes": [
                "sha256:53fa54c8fa8a1dfcd6af4bf09ce1aae5d4d949da63b90570ac5ec849efaf3ea8"
            ],
            "index": "pypi",
            "version": "==1.9.5.1"
        },
        "python-dateutil": {
            "hashes": [
                "sha256:1adb80e7a782c12e52ef9a8182bebeb73f1d7e24e374397af06fb4956c8dc5c0",
                "sha256:e27001de32f627c22380a688bcc43ce83504a7bc5da472209b4c70f02829f0b8"
            ],
            "version": "==2.7.3"
        },
        "pytz": {
            "hashes": [
                "sha256:65ae0c8101309c45772196b21b74c46b2e5d11b6275c45d251b150d5da334555",
                "sha256:c06425302f2cf668f1bba7a0a03f3c1d34d4ebeef2c72003da308b3947c7f749"
            ],
            "version": "==2018.4"
        },
        "requests": {
            "hashes": [
                "sha256:6a1b267aa90cac58ac3a765d067950e7dbbf75b1da07e895d1f594193a40a38b",
                "sha256:9c443e7324ba5b85070c4a818ade28bfabedf16ea10206da1132edaa6dda237e"
            ],
            "index": "pypi",
            "version": "==2.18.4"
        },
        "scipy": {
            "hashes": [
                "sha256:0611ee97296265af4a21164a5323f8c1b4e8e15c582d3dfa7610825900136bb7",
                "sha256:08237eda23fd8e4e54838258b124f1cd141379a5f281b0a234ca99b38918c07a",
                "sha256:0e645dbfc03f279e1946cf07c9c754c2a1859cb4a41c5f70b25f6b3a586b6dbd",
                "sha256:0e9bb7efe5f051ea7212555b290e784b82f21ffd0f655405ac4f87e288b730b3",
                "sha256:108c16640849e5827e7d51023efb3bd79244098c3f21e4897a1007720cb7ce37",
                "sha256:340ef70f5b0f4e2b4b43c8c8061165911bc6b2ad16f8de85d9774545e2c47463",
                "sha256:3ad73dfc6f82e494195144bd3a129c7241e761179b7cb5c07b9a0ede99c686f3",
                "sha256:3b243c77a822cd034dad53058d7c2abf80062aa6f4a32e9799c95d6391558631",
                "sha256:404a00314e85eca9d46b80929571b938e97a143b4f2ddc2b2b3c91a4c4ead9c5",
                "sha256:423b3ff76957d29d1cce1bc0d62ebaf9a3fdfaf62344e3fdec14619bb7b5ad3a",
                "sha256:698c6409da58686f2df3d6f815491fd5b4c2de6817a45379517c92366eea208f",
                "sha256:729f8f8363d32cebcb946de278324ab43d28096f36593be6281ca1ee86ce6559",
                "sha256:8190770146a4c8ed5d330d5b5ad1c76251c63349d25c96b3094875b930c44692",
                "sha256:878352408424dffaa695ffedf2f9f92844e116686923ed9aa8626fc30d32cfd1",
                "sha256:8f841bbc21d3dad2111a94c490fb0a591b8612ffea86b8e5571746ae76a3deac",
                "sha256:c22b27371b3866c92796e5d7907e914f0e58a36d3222c5d436ddd3f0e354227a",
                "sha256:d0cdd5658b49a722783b8b4f61a6f1f9c75042d0e29a30ccb6cacc9b25f6d9e2",
                "sha256:d8491d4784aceb1f100ddb8e31239c54e4afab8d607928a9f7ef2469ec35ae01",
                "sha256:dfc5080c38dde3f43d8fbb9c0539a7839683475226cf83e4b24363b227dfe552",
                "sha256:e24e22c8d98d3c704bb3410bce9b69e122a8de487ad3dbfe9985d154e5c03a40",
                "sha256:e7a01e53163818d56eabddcafdc2090e9daba178aad05516b20c6591c4811020",
                "sha256:ee677635393414930541a096fc8e61634304bb0153e4e02b75685b11eba14cae",
                "sha256:f0521af1b722265d824d6ad055acfe9bd3341765735c44b5a4d0069e189a0f40"
            ],
            "index": "pypi",
            "version": "==1.1.0"
        },
        "shapely": {
            "hashes": [
                "sha256:049e7732c58f8ee143899f9efbf714d8e7e3578443883c95614cfd4891d36502",
                "sha256:13c82c9110e630039163bdcdb9969db4fadd145bcf633fc678fa762b01686e6d",
                "sha256:2222eba7f461f4b3f406b569727561f300ecd57e31e01b49ffd327dc4cbda632",
                "sha256:30df7572d311514802df8dc0e229d1660bc4cbdcf027a8281e79c5fc2fcf02f2",
                "sha256:41850cbfc79de117e3ccbc025b2eb7ee9170c29e65910003828e560ff076fc0d",
                "sha256:592a7821c00ef4e0ae07e952366ad537313ccb7488665dd54b87e6f8eb31ef80",
                "sha256:a0db70e3384f1227bc40e22e9d77db3a54e02b54b48cf6b0c22ddfc0b688542d",
                "sha256:c1f4d74e4c4a5681e77fbee5a7b0599a91ca39a8e260f2839a9a764382994f7f",
                "sha256:cf02668c8633a41782b5244e04d5d0689847ac535cdf2fea66e4cac7dd772895",
                "sha256:e848bf533f0d6cbc336b4cf01dd1aa7873174ba7304a620baa7d663d1d0ce879"
            ],
            "index": "pypi",
            "version": "==1.6.4.post1"
        },
        "simplejson": {
            "hashes": [
                "sha256:1bdd7c7c8c3ece26a251c835e73627a5f825b6ac1d16a68f190c8c29a3a4d4fe",
                "sha256:1e651e49b91024e615267fe800ad094c1174800ff06a3b29652f4a656dc51228",
                "sha256:2fa4eafab7cb4f900ce7739129cef0da1f25acfa89089540ce6241a15a61df78",
                "sha256:346ef48e38d202634ef5f8402d3e043984ef9f504f00b2275807cc8a01ae7d31",
                "sha256:446cc58ef7d8a4c5cb336d6893fd6aca1c22800207c18aa72f1496798e2aa6e8",
                "sha256:523d3df8dd6a366f8911ffdd9778d2e52d174f1b2ae867c543f9f200ab06595d",
                "sha256:60427da697809f2ec0a49b1c9146bf858722bd04fabef77b2b4fca0e883595ef",
                "sha256:7418a069e046df6afc9024076a154d35c4df432ad081f2a1cd57661c9dc95b51",
                "sha256:839ce3128375c4b6a08b4d20e67befe8fc0d6cf7ed1a1ee6117f035225368de8",
                "sha256:8b7644d71f8fb11088660775da0ab09151583939edeb840a53bdf2c5acf3b725",
                "sha256:95d19832c666c5942c57e67132138a9332aa84519919a97bd9bbcff1fce7cefd",
                "sha256:97502022f2fe5cf78580d5b0889030a62f46080508d32a0992ee7d7d107790b8",
                "sha256:a0bdc46d207edaa1db128be6f5b84e415aa033a854ed02d40256fc12d72ce0d7",
                "sha256:ad332f65d9551ceffc132d0a683f4ffd12e4bc7538681100190d577ced3473fb",
                "sha256:b5263de68cd0891ff4fe8ceb14e6382635ffb1be2ee0c8f7e664681679cd8163",
                "sha256:bb68f637d12dccf7ddeece29b4a5f27f15b768dff7f02c198d3d7640f9b8d2dc",
                "sha256:d6b38d952a3e90022287998928b12a77471b054455bcded9731dfb8371c47df8",
                "sha256:d7e1191ddccabcdc5b300d4469e0fbe69abda6d5e1fba37dad66f8a9913a9994",
                "sha256:e22f4bda9177893eb89a6a3cfc5335ae393690407b9b3407e86fe47c2a4adb1d",
                "sha256:f00fb192452506454ce7dba6de5a0d5386631e1d6cbc8dcb7e7d4b220bb13c06",
                "sha256:fae2430550b625ab2284110f4802ed1a1cae45f96871afbb014ee10f30a37fa3"
            ],
            "index": "pypi",
            "version": "==3.15.0"
        },
        "six": {
            "hashes": [
                "sha256:70e8a77beed4562e7f14fe23a786b54f6296e34344c23bc42f07b15018ff98e9",
                "sha256:832dc0e10feb1aa2c68dcc57dbb658f1c7e65b9b61af69048abc87a2db00a0eb"
            ],
            "version": "==1.11.0"
        },
        "sqlalchemy": {
            "hashes": [
                "sha256:d6cda03b0187d6ed796ff70e87c9a7dce2c2c9650a7bc3c022cd331416853c31"
            ],
            "index": "pypi",
            "version": "==1.2.7"
        },
        "urllib3": {
            "hashes": [
                "sha256:06330f386d6e4b195fbfc736b297f58c5a892e4440e54d294d7004e3a9bbea1b",
                "sha256:cc44da8e1145637334317feebd728bd869a35285b93cbb4cca2577da7e62db4f"
            ],
            "version": "==1.22"
        }
    },
    "develop": {
        "alabaster": {
            "hashes": [
                "sha256:2eef172f44e8d301d25aff8068fddd65f767a3f04b5f15b0f4922f113aa1c732",
                "sha256:37cdcb9e9954ed60912ebc1ca12a9d12178c26637abdf124e3cde2341c257fe0"
            ],
            "version": "==0.7.10"
        },
        "apipkg": {
            "hashes": [
                "sha256:2e38399dbe842891fe85392601aab8f40a8f4cc5a9053c326de35a1cc0297ac6",
                "sha256:65d2aa68b28e7d31233bb2ba8eb31cda40e4671f8ac2d6b241e358c9652a74b9"
            ],
            "version": "==1.4"
        },
        "argh": {
            "hashes": [
                "sha256:a9b3aaa1904eeb78e32394cd46c6f37ac0fb4af6dc488daa58971bdc7d7fcaf3",
                "sha256:e9535b8c84dc9571a48999094fda7f33e63c3f1b74f3e5f3ac0105a58405bb65"
            ],
            "version": "==0.26.2"
        },
        "attrs": {
            "hashes": [
                "sha256:4b90b09eeeb9b88c35bc642cbac057e45a5fd85367b985bd2809c62b7b939265",
                "sha256:e0d0eb91441a3b53dab4d9b743eafc1ac44476296a2053b6ca3af0b139faf87b"
            ],
            "version": "==18.1.0"
        },
        "babel": {
            "hashes": [
                "sha256:8ce4cb6fdd4393edd323227cba3a077bceb2a6ce5201c902c65e730046f41f14",
                "sha256:ad209a68d7162c4cff4b29cdebe3dec4cef75492df501b0049a9433c96ce6f80"
            ],
            "version": "==2.5.3"
        },
        "certifi": {
            "hashes": [
                "sha256:13e698f54293db9f89122b0581843a782ad0934a4fe0172d2a980ba77fc61bb7",
                "sha256:9fa520c1bacfb634fa7af20a76bcbd3d5fb390481724c597da32c719a7dca4b0"
            ],
            "version": "==2018.4.16"
        },
        "chardet": {
            "hashes": [
                "sha256:84ab92ed1c4d4f16916e05906b6b75a6c0fb5db821cc65e70cbd64a3e2a5eaae",
                "sha256:fc323ffcaeaed0e0a02bf4d117757b98aed530d9ed4531e3e15460124c106691"
            ],
            "version": "==3.0.4"
        },
        "coverage": {
            "hashes": [
                "sha256:03481e81d558d30d230bc12999e3edffe392d244349a90f4ef9b88425fac74ba",
                "sha256:0b136648de27201056c1869a6c0d4e23f464750fd9a9ba9750b8336a244429ed",
                "sha256:104ab3934abaf5be871a583541e8829d6c19ce7bde2923b2751e0d3ca44db60a",
                "sha256:15b111b6a0f46ee1a485414a52a7ad1d703bdf984e9ed3c288a4414d3871dcbd",
                "sha256:198626739a79b09fa0a2f06e083ffd12eb55449b5f8bfdbeed1df4910b2ca640",
                "sha256:1c383d2ef13ade2acc636556fd544dba6e14fa30755f26812f54300e401f98f2",
                "sha256:28b2191e7283f4f3568962e373b47ef7f0392993bb6660d079c62bd50fe9d162",
                "sha256:2eb564bbf7816a9d68dd3369a510be3327f1c618d2357fa6b1216994c2e3d508",
                "sha256:337ded681dd2ef9ca04ef5d93cfc87e52e09db2594c296b4a0a3662cb1b41249",
                "sha256:3a2184c6d797a125dca8367878d3b9a178b6fdd05fdc2d35d758c3006a1cd694",
                "sha256:3c79a6f7b95751cdebcd9037e4d06f8d5a9b60e4ed0cd231342aa8ad7124882a",
                "sha256:3d72c20bd105022d29b14a7d628462ebdc61de2f303322c0212a054352f3b287",
                "sha256:3eb42bf89a6be7deb64116dd1cc4b08171734d721e7a7e57ad64cc4ef29ed2f1",
                "sha256:4635a184d0bbe537aa185a34193898eee409332a8ccb27eea36f262566585000",
                "sha256:56e448f051a201c5ebbaa86a5efd0ca90d327204d8b059ab25ad0f35fbfd79f1",
                "sha256:5a13ea7911ff5e1796b6d5e4fbbf6952381a611209b736d48e675c2756f3f74e",
                "sha256:69bf008a06b76619d3c3f3b1983f5145c75a305a0fea513aca094cae5c40a8f5",
                "sha256:6bc583dc18d5979dc0f6cec26a8603129de0304d5ae1f17e57a12834e7235062",
                "sha256:701cd6093d63e6b8ad7009d8a92425428bc4d6e7ab8d75efbb665c806c1d79ba",
                "sha256:7608a3dd5d73cb06c531b8925e0ef8d3de31fed2544a7de6c63960a1e73ea4bc",
                "sha256:76ecd006d1d8f739430ec50cc872889af1f9c1b6b8f48e29941814b09b0fd3cc",
                "sha256:7aa36d2b844a3e4a4b356708d79fd2c260281a7390d678a10b91ca595ddc9e99",
                "sha256:7d3f553904b0c5c016d1dad058a7554c7ac4c91a789fca496e7d8347ad040653",
                "sha256:7e1fe19bd6dce69d9fd159d8e4a80a8f52101380d5d3a4d374b6d3eae0e5de9c",
                "sha256:8c3cb8c35ec4d9506979b4cf90ee9918bc2e49f84189d9bf5c36c0c1119c6558",
                "sha256:9d6dd10d49e01571bf6e147d3b505141ffc093a06756c60b053a859cb2128b1f",
                "sha256:9e112fcbe0148a6fa4f0a02e8d58e94470fc6cb82a5481618fea901699bf34c4",
                "sha256:ac4fef68da01116a5c117eba4dd46f2e06847a497de5ed1d64bb99a5fda1ef91",
                "sha256:b8815995e050764c8610dbc82641807d196927c3dbed207f0a079833ffcf588d",
                "sha256:be6cfcd8053d13f5f5eeb284aa8a814220c3da1b0078fa859011c7fffd86dab9",
                "sha256:c1bb572fab8208c400adaf06a8133ac0712179a334c09224fb11393e920abcdd",
                "sha256:de4418dadaa1c01d497e539210cb6baa015965526ff5afc078c57ca69160108d",
                "sha256:e05cb4d9aad6233d67e0541caa7e511fa4047ed7750ec2510d466e806e0255d6",
                "sha256:e4d96c07229f58cb686120f168276e434660e4358cc9cf3b0464210b04913e77",
                "sha256:f3f501f345f24383c0000395b26b726e46758b71393267aeae0bd36f8b3ade80",
                "sha256:f8a923a85cb099422ad5a2e345fe877bbc89a8a8b23235824a93488150e45f6e"
            ],
            "index": "pypi",
            "version": "==4.5.1"
        },
        "docutils": {
            "hashes": [
                "sha256:02aec4bd92ab067f6ff27a38a38a41173bf01bed8f89157768c1573f53e474a6",
                "sha256:51e64ef2ebfb29cae1faa133b3710143496eca21c530f3f71424d77687764274",
                "sha256:7a4bd47eaf6596e1295ecb11361139febe29b084a87bf005bf899f9a42edc3c6"
            ],
            "version": "==0.14"
        },
        "execnet": {
            "hashes": [
                "sha256:a7a84d5fa07a089186a329528f127c9d73b9de57f1a1131b82bb5320ee651f6a",
                "sha256:fc155a6b553c66c838d1a22dba1dc9f5f505c43285a878c6f74a79c024750b83"
            ],
            "version": "==1.5.0"
        },
        "idna": {
            "hashes": [
                "sha256:2c6a5de3089009e3da7c5dde64a141dbc8551d5b7f6cf4ed7c2568d0cc520a8f",
                "sha256:8c7309c718f94b3a625cb648ace320157ad16ff131ae0af362c9f21b80ef6ec4"
            ],
            "version": "==2.6"
        },
        "imagesize": {
            "hashes": [
                "sha256:3620cc0cadba3f7475f9940d22431fc4d407269f1be59ec9b8edcca26440cf18",
                "sha256:5b326e4678b6925158ccc66a9fa3122b6106d7c876ee32d7de6ce59385b96315"
            ],
            "version": "==1.0.0"
        },
        "jinja2": {
            "hashes": [
                "sha256:74c935a1b8bb9a3947c50a54766a969d4846290e1e788ea44c1392163723c3bd",
                "sha256:f84be1bb0040caca4cea721fcbbbbd61f9be9464ca236387158b0feea01914a4"
            ],
            "version": "==2.10"
        },
        "livereload": {
            "hashes": [
                "sha256:583179dc8d49b040a9da79bd33de59e160d2a8802b939e304eb359a4419f6498",
                "sha256:dd4469a8f5a6833576e9f5433f1439c306de15dbbfeceabd32479b1123380fa5"
            ],
            "version": "==2.5.2"
        },
        "markupsafe": {
            "hashes": [
                "sha256:a6be69091dac236ea9c6bc7d012beab42010fa914c459791d627dad4910eb665"
            ],
            "version": "==1.0"
        },
        "more-itertools": {
            "hashes": [
                "sha256:0dd8f72eeab0d2c3bd489025bb2f6a1b8342f9b198f6fc37b52d15cfa4531fea",
                "sha256:11a625025954c20145b37ff6309cd54e39ca94f72f6bb9576d1195db6fa2442e",
                "sha256:c9ce7eccdcb901a2c75d326ea134e0886abfbea5f93e91cc95de9507c0816c44"
            ],
            "version": "==4.1.0"
        },
        "packaging": {
            "hashes": [
                "sha256:e9215d2d2535d3ae866c3d6efc77d5b24a0192cce0ff20e42896cc0664f889c0",
                "sha256:f019b770dd64e585a99714f1fd5e01c7a8f11b45635aa953fd41c689a657375b"
            ],
            "version": "==17.1"
        },
        "pathtools": {
            "hashes": [
                "sha256:7c35c5421a39bb82e58018febd90e3b6e5db34c5443aaaf742b3f33d4655f1c0"
            ],
            "version": "==0.1.2"
        },
        "pkginfo": {
            "hashes": [
                "sha256:5878d542a4b3f237e359926384f1dde4e099c9f5525d236b1840cf704fa8d474",
                "sha256:a39076cb3eb34c333a0dd390b568e9e1e881c7bf2cc0aee12120636816f55aee"
            ],
            "version": "==1.4.2"
        },
        "pluggy": {
            "hashes": [
                "sha256:7f8ae7f5bdf75671a718d2daf0a64b7885f74510bcd98b1a0bb420eb9a9d0cff",
                "sha256:d345c8fe681115900d6da8d048ba67c25df42973bda370783cd58826442dcd7c",
                "sha256:e160a7fcf25762bb60efc7e171d4497ff1d8d2d75a3d0df7a21b76821ecbf5c5"
            ],
            "version": "==0.6.0"
        },
        "port-for": {
            "hashes": [
                "sha256:b16a84bb29c2954db44c29be38b17c659c9c27e33918dec16b90d375cc596f1c"
            ],
            "version": "==0.3.1"
        },
        "py": {
            "hashes": [
                "sha256:29c9fab495d7528e80ba1e343b958684f4ace687327e6f789a94bf3d1915f881",
                "sha256:983f77f3331356039fdd792e9220b7b8ee1aa6bd2b25f567a963ff1de5a64f6a"
            ],
            "version": "==1.5.3"
        },
        "pyenchant": {
            "hashes": [
                "sha256:9a66aa441535e27d228baca320f7feed1b08d0c5e6167d5e5cf455b545b7c2cd",
                "sha256:b9526fc2c5f1ba0637e50200b645a7c20fb6644dbc6f6322027e7d2fbf1084a5",
                "sha256:e8000144e61551fcab9cd1b6fdccdded20e577e8d6d0985533f0b2b9c38fd952",
                "sha256:fc31cda72ace001da8fe5d42f11c26e514a91fa8c70468739216ddd8de64e2a0"
            ],
            "version": "==2.0.0"
        },
        "pygments": {
            "hashes": [
                "sha256:78f3f434bcc5d6ee09020f92ba487f95ba50f1e3ef83ae96b9d5ffa1bab25c5d",
                "sha256:dbae1046def0efb574852fab9e90209b23f556367b5a320c0bcb871c77c3e8cc"
            ],
            "version": "==2.2.0"
        },
        "pyparsing": {
            "hashes": [
                "sha256:0832bcf47acd283788593e7a0f542407bd9550a55a8a8435214a1960e04bcb04",
                "sha256:281683241b25fe9b80ec9d66017485f6deff1af5cde372469134b56ca8447a07",
                "sha256:8f1e18d3fd36c6795bb7e02a39fd05c611ffc2596c1e0d995d34d67630426c18",
                "sha256:9e8143a3e15c13713506886badd96ca4b579a87fbdf49e550dbfc057d6cb218e",
                "sha256:b8b3117ed9bdf45e14dcc89345ce638ec7e0e29b2b579fa1ecf32ce45ebac8a5",
                "sha256:e4d45427c6e20a59bf4f88c639dcc03ce30d193112047f94012102f235853a58",
                "sha256:fee43f17a9c4087e7ed1605bd6df994c6173c1e977d7ade7b651292fab2bd010"
            ],
            "version": "==2.2.0"
        },
        "pytest": {
            "hashes": [
                "sha256:54713b26c97538db6ff0703a12b19aeaeb60b5e599de542e7fca0ec83b9038e8",
                "sha256:829230122facf05a5f81a6d4dfe6454a04978ea3746853b2b84567ecf8e5c526"
            ],
            "index": "pypi",
            "version": "==3.5.1"
        },
        "pytest-cov": {
            "hashes": [
                "sha256:03aa752cf11db41d281ea1d807d954c4eda35cfa1b21d6971966cc041bbf6e2d",
                "sha256:890fe5565400902b0c78b5357004aab1c814115894f4f21370e2433256a3eeec"
            ],
            "index": "pypi",
            "version": "==2.5.1"
        },
        "pytest-forked": {
            "hashes": [
                "sha256:e4500cd0509ec4a26535f7d4112a8cc0f17d3a41c29ffd4eab479d2a55b30805",
                "sha256:f275cb48a73fc61a6710726348e1da6d68a978f0ec0c54ece5a5fae5977e5a08"
            ],
            "version": "==0.2"
        },
        "pytest-xdist": {
            "hashes": [
                "sha256:be2662264b035920ba740ed6efb1c816a83c8a22253df7766d129f6a7bfdbd35",
                "sha256:e8f5744acc270b3e7d915bdb4d5f471670f049b6fbd163d4cbd52203b075d30f"
            ],
            "index": "pypi",
            "version": "==1.22.2"
        },
        "pytz": {
            "hashes": [
                "sha256:65ae0c8101309c45772196b21b74c46b2e5d11b6275c45d251b150d5da334555",
                "sha256:c06425302f2cf668f1bba7a0a03f3c1d34d4ebeef2c72003da308b3947c7f749"
            ],
            "version": "==2018.4"
        },
        "pyyaml": {
            "hashes": [
                "sha256:0c507b7f74b3d2dd4d1322ec8a94794927305ab4cebbe89cc47fe5e81541e6e8",
                "sha256:16b20e970597e051997d90dc2cddc713a2876c47e3d92d59ee198700c5427736",
                "sha256:3262c96a1ca437e7e4763e2843746588a965426550f3797a79fca9c6199c431f",
                "sha256:326420cbb492172dec84b0f65c80942de6cedb5233c413dd824483989c000608",
                "sha256:4474f8ea030b5127225b8894d626bb66c01cda098d47a2b0d3429b6700af9fd8",
                "sha256:592766c6303207a20efc445587778322d7f73b161bd994f227adaa341ba212ab",
                "sha256:5ac82e411044fb129bae5cfbeb3ba626acb2af31a8d17d175004b70862a741a7",
                "sha256:5f84523c076ad14ff5e6c037fe1c89a7f73a3e04cf0377cb4d017014976433f3",
                "sha256:827dc04b8fa7d07c44de11fabbc888e627fa8293b695e0f99cb544fdfa1bf0d1",
                "sha256:b4c423ab23291d3945ac61346feeb9a0dc4184999ede5e7c43e1ffb975130ae6",
                "sha256:bc6bced57f826ca7cb5125a10b23fd0f2fff3b7c4701d64c439a300ce665fff8",
                "sha256:c01b880ec30b5a6e6aa67b09a2fe3fb30473008c85cd6a67359a1b15ed6d83a4",
                "sha256:ca233c64c6e40eaa6c66ef97058cdc80e8d0157a443655baa1b2966e812807ca",
                "sha256:e863072cdf4c72eebf179342c94e6989c67185842d9997960b3e69290b2fa269"
            ],
            "version": "==3.12"
        },
        "requests": {
            "hashes": [
                "sha256:6a1b267aa90cac58ac3a765d067950e7dbbf75b1da07e895d1f594193a40a38b",
                "sha256:9c443e7324ba5b85070c4a818ade28bfabedf16ea10206da1132edaa6dda237e"
            ],
            "index": "pypi",
            "version": "==2.18.4"
        },
        "requests-toolbelt": {
            "hashes": [
                "sha256:42c9c170abc2cacb78b8ab23ac957945c7716249206f90874651971a4acff237",
                "sha256:f6a531936c6fa4c6cfce1b9c10d5c4f498d16528d2a54a22ca00011205a187b5"
            ],
            "version": "==0.8.0"
        },
        "six": {
            "hashes": [
                "sha256:70e8a77beed4562e7f14fe23a786b54f6296e34344c23bc42f07b15018ff98e9",
                "sha256:832dc0e10feb1aa2c68dcc57dbb658f1c7e65b9b61af69048abc87a2db00a0eb"
            ],
            "version": "==1.11.0"
        },
        "snowballstemmer": {
            "hashes": [
                "sha256:919f26a68b2c17a7634da993d91339e288964f93c274f1343e3bbbe2096e1128",
                "sha256:9f3bcd3c401c3e862ec0ebe6d2c069ebc012ce142cce209c098ccb5b09136e89"
            ],
            "version": "==1.2.1"
        },
        "sphinx": {
            "hashes": [
                "sha256:2e7ad92e96eff1b2006cf9f0cdb2743dacbae63755458594e9e8238b0c3dc60b",
                "sha256:e9b1a75a3eae05dded19c80eb17325be675e0698975baae976df603b6ed1eb10"
            ],
            "index": "pypi",
            "version": "==1.7.4"
        },
        "sphinx-autobuild": {
            "hashes": [
                "sha256:66388f81884666e3821edbe05dd53a0cfb68093873d17320d0610de8db28c74e",
                "sha256:e60aea0789cab02fa32ee63c7acae5ef41c06f1434d9fd0a74250a61f5994692"
            ],
            "index": "pypi",
            "version": "==0.7.1"
        },
        "sphinxcontrib-spelling": {
            "hashes": [
                "sha256:769381eb5c791b7ff671457feeae5702142d231ba091a415e0eda695f221358b",
                "sha256:9aa05a7b5ad6a9884b01c9823467fab77ea34317697120073158ff365c20711f"
            ],
            "index": "pypi",
            "version": "==4.1.0"
        },
        "sphinxcontrib-websupport": {
            "hashes": [
                "sha256:7a85961326aa3a400cd4ad3c816d70ed6f7c740acd7ce5d78cd0a67825072eb9",
                "sha256:f4932e95869599b89bf4f80fc3989132d83c9faa5bf633e7b5e0c25dffb75da2"
            ],
            "version": "==1.0.1"
        },
        "tornado": {
            "hashes": [
                "sha256:1b83d5c10550f2653380b4c77331d6f8850f287c4f67d7ce1e1c639d9222fbc7",
                "sha256:408d129e9d13d3c55aa73f8084aa97d5f90ed84132e38d6932e63a67d5bec563",
                "sha256:88ce0282cce70df9045e515f578c78f1ebc35dcabe1d70f800c3583ebda7f5f5",
                "sha256:ba9fbb249ac5390bff8a1d6aa4b844fd400701069bda7d2e380dfe2217895101",
                "sha256:c050089173c2e9272244bccfb6a8615fb9e53b79420a5551acfa76094ecc3111"
            ],
            "version": "==5.0.2"
        },
        "tox": {
            "hashes": [
                "sha256:96efa09710a3daeeb845561ebbe1497641d9cef2ee0aea30db6969058b2bda2f",
                "sha256:9ee7de958a43806402a38c0d2aa07fa8553f4d2c20a15b140e9f771c2afeade0"
            ],
            "index": "pypi",
            "version": "==3.0.0"
        },
        "tqdm": {
            "hashes": [
                "sha256:9fc19da10d7c962613cbcb9cdced41230deb31d9e20332da84c96917ff534281",
                "sha256:ce205451a27b6050faed0bb2bcbea96c6a550f8c27cd2b5441d72e948113ad18"
            ],
            "version": "==4.23.3"
        },
        "twine": {
            "hashes": [
                "sha256:08eb132bbaec40c6d25b358f546ec1dc96ebd2638a86eea68769d9e67fe2b129",
                "sha256:2fd9a4d9ff0bcacf41fdc40c8cb0cfaef1f1859457c9653fd1b92237cc4e9f25"
            ],
            "index": "pypi",
            "version": "==1.11.0"
        },
        "typing": {
            "hashes": [
                "sha256:3a887b021a77b292e151afb75323dea88a7bc1b3dfa92176cff8e44c8b68bddf",
                "sha256:b2c689d54e1144bbcfd191b0832980a21c2dbcf7b5ff7a66248a60c90e951eb8",
                "sha256:d400a9344254803a2368533e4533a4200d21eb7b6b729c173bc38201a74db3f2"
            ],
            "index": "pypi",
            "version": "==3.6.4"
        },
        "urllib3": {
            "hashes": [
                "sha256:06330f386d6e4b195fbfc736b297f58c5a892e4440e54d294d7004e3a9bbea1b",
                "sha256:cc44da8e1145637334317feebd728bd869a35285b93cbb4cca2577da7e62db4f"
            ],
            "version": "==1.22"
        },
        "virtualenv": {
            "hashes": [
                "sha256:1d7e241b431e7afce47e77f8843a276f652699d1fa4f93b9d8ce0076fd7b0b54",
                "sha256:e8e05d4714a1c51a2f5921e62f547fcb0f713ebbe959e0a7f585cc8bef71d11f"
            ],
            "version": "==15.2.0"
        },
        "watchdog": {
            "hashes": [
                "sha256:7e65882adb7746039b6f3876ee174952f8eaaa34491ba34333ddf1fe35de4162"
            ],
            "version": "==0.8.3"
        }
    }
}
